
Microsoft Visual Studio Solution File, Format Version 12.00
# Visual Studio 15
VisualStudioVersion = 15.0.28307.572
MinimumVisualStudioVersion = 10.0.40219.1
Project("{9A19103F-16F7-4668-BE54-9A1E7A4F7556}") = "Warehouse.API", "WarehouseAPI\Warehouse.API.csproj", "{386FA6B7-9F49-4665-B94A-65AEA854FF34}"
EndProject
Project("{9A19103F-16F7-4668-BE54-9A1E7A4F7556}") = "Warehouse.UI", "Warehouse.UI\Warehouse.UI.csproj", "{956C2595-9DDB-483C-814C-9E51E46541E9}"
EndProject
Project("{9A19103F-16F7-4668-BE54-9A1E7A4F7556}") = "Warehouse.BLL", "Warehouse.BLL\Warehouse.BLL.csproj", "{5195F586-535E-40EA-BCB7-EA617151BD02}"
EndProject
Project("{9A19103F-16F7-4668-BE54-9A1E7A4F7556}") = "Warehouse.DAL", "Warehouse.DAL\Warehouse.DAL.csproj", "{DE539DB0-4062-4B7C-AC83-4E25075EF0C3}"
EndProject
Project("{9A19103F-16F7-4668-BE54-9A1E7A4F7556}") = "Warehouse.Common", "Warehouse.Common\Warehouse.Common.csproj", "{C579044D-0146-459D-BC4E-9BBE72F9B84B}"
EndProject
Project("{9A19103F-16F7-4668-BE54-9A1E7A4F7556}") = "Warehouse.DAL.Tests", "Warehouse.DAL.Tests\Warehouse.DAL.Tests.csproj", "{F09E831D-8C95-4BBC-BAE4-BCB577681EC2}"
EndProject
Global
	GlobalSection(SolutionConfigurationPlatforms) = preSolution
		Debug|Any CPU = Debug|Any CPU
		Release|Any CPU = Release|Any CPU
	EndGlobalSection
	GlobalSection(ProjectConfigurationPlatforms) = postSolution
		{386FA6B7-9F49-4665-B94A-65AEA854FF34}.Debug|Any CPU.ActiveCfg = Debug|Any CPU
		{386FA6B7-9F49-4665-B94A-65AEA854FF34}.Debug|Any CPU.Build.0 = Debug|Any CPU
		{386FA6B7-9F49-4665-B94A-65AEA854FF34}.Release|Any CPU.ActiveCfg = Release|Any CPU
		{386FA6B7-9F49-4665-B94A-65AEA854FF34}.Release|Any CPU.Build.0 = Release|Any CPU
		{956C2595-9DDB-483C-814C-9E51E46541E9}.Debug|Any CPU.ActiveCfg = Debug|Any CPU
		{956C2595-9DDB-483C-814C-9E51E46541E9}.Debug|Any CPU.Build.0 = Debug|Any CPU
		{956C2595-9DDB-483C-814C-9E51E46541E9}.Release|Any CPU.ActiveCfg = Release|Any CPU
		{956C2595-9DDB-483C-814C-9E51E46541E9}.Release|Any CPU.Build.0 = Release|Any CPU
		{5195F586-535E-40EA-BCB7-EA617151BD02}.Debug|Any CPU.ActiveCfg = Debug|Any CPU
		{5195F586-535E-40EA-BCB7-EA617151BD02}.Debug|Any CPU.Build.0 = Debug|Any CPU
		{5195F586-535E-40EA-BCB7-EA617151BD02}.Release|Any CPU.ActiveCfg = Release|Any CPU
		{5195F586-535E-40EA-BCB7-EA617151BD02}.Release|Any CPU.Build.0 = Release|Any CPU
		{DE539DB0-4062-4B7C-AC83-4E25075EF0C3}.Debug|Any CPU.ActiveCfg = Debug|Any CPU
		{DE539DB0-4062-4B7C-AC83-4E25075EF0C3}.Debug|Any CPU.Build.0 = Debug|Any CPU
		{DE539DB0-4062-4B7C-AC83-4E25075EF0C3}.Release|Any CPU.ActiveCfg = Release|Any CPU
		{DE539DB0-4062-4B7C-AC83-4E25075EF0C3}.Release|Any CPU.Build.0 = Release|Any CPU
		{C579044D-0146-459D-BC4E-9BBE72F9B84B}.Debug|Any CPU.ActiveCfg = Debug|Any CPU
		{C579044D-0146-459D-BC4E-9BBE72F9B84B}.Debug|Any CPU.Build.0 = Debug|Any CPU
		{C579044D-0146-459D-BC4E-9BBE72F9B84B}.Release|Any CPU.ActiveCfg = Release|Any CPU
		{C579044D-0146-459D-BC4E-9BBE72F9B84B}.Release|Any CPU.Build.0 = Release|Any CPU
		{F09E831D-8C95-4BBC-BAE4-BCB577681EC2}.Debug|Any CPU.ActiveCfg = Debug|Any CPU
		{F09E831D-8C95-4BBC-BAE4-BCB577681EC2}.Debug|Any CPU.Build.0 = Debug|Any CPU
		{F09E831D-8C95-4BBC-BAE4-BCB577681EC2}.Release|Any CPU.ActiveCfg = Release|Any CPU
		{F09E831D-8C95-4BBC-BAE4-BCB577681EC2}.Release|Any CPU.Build.0 = Release|Any CPU
	EndGlobalSection
	GlobalSection(SolutionProperties) = preSolution
		HideSolutionNode = FALSE
	EndGlobalSection
	GlobalSection(ExtensibilityGlobals) = postSolution
		SolutionGuid = {4F00CCA3-B520-4BA9-A318-01DA798DE7D2}
	EndGlobalSection
EndGlobal
